{
  "version": 4,
  "terraform_version": "1.0.11",
  "serial": 171,
  "lineage": "a750d1f1-56a7-677a-2ac9-8f2c626e5741",
  "outputs": {},
  "resources": [
    {
      "mode": "managed",
      "type": "azurerm_resource_group",
      "name": "resourcegroup",
      "provider": "provider[\"registry.terraform.io/hashicorp/azurerm\"]",
      "instances": [
        {
          "schema_version": 0,
          "attributes": {
            "id": "/subscriptions/2c27975e-ce4f-421e-82ff-9e5080dc09c5/resourceGroups/test-ram",
            "location": "uksouth",
            "name": "test-ram",
            "tags": {},
            "timeouts": null
          },
          "sensitive_attributes": [],
          "private": "eyJlMmJmYjczMC1lY2FhLTExZTYtOGY4OC0zNDM2M2JjN2M0YzAiOnsiY3JlYXRlIjo1NDAwMDAwMDAwMDAwLCJkZWxldGUiOjU0MDAwMDAwMDAwMDAsInJlYWQiOjMwMDAwMDAwMDAwMCwidXBkYXRlIjo1NDAwMDAwMDAwMDAwfX0="
        }
      ]
    },
    {
      "mode": "managed",
      "type": "azurerm_virtual_network",
      "name": "vnet",
      "provider": "provider[\"registry.terraform.io/hashicorp/azurerm\"]",
      "instances": [
        {
          "schema_version": 0,
          "attributes": {
            "address_space": [
              "10.1.0.0/16"
            ],
            "bgp_community": "",
            "ddos_protection_plan": [],
            "dns_servers": [],
            "edge_zone": "",
            "flow_timeout_in_minutes": 0,
            "guid": "27054175-9ceb-4d96-8141-2039ddbe370e",
            "id": "/subscriptions/2c27975e-ce4f-421e-82ff-9e5080dc09c5/resourceGroups/test-ram/providers/Microsoft.Network/virtualNetworks/test_vnet",
            "location": "uksouth",
            "name": "test_vnet",
            "resource_group_name": "test-ram",
            "subnet": [
              {
                "address_prefix": "10.1.0.0/24",
                "id": "/subscriptions/2c27975e-ce4f-421e-82ff-9e5080dc09c5/resourceGroups/test-ram/providers/Microsoft.Network/virtualNetworks/test_vnet/subnets/publicsubnet",
                "name": "publicsubnet",
                "security_group": ""
              },
              {
                "address_prefix": "10.1.1.0/24",
                "id": "/subscriptions/2c27975e-ce4f-421e-82ff-9e5080dc09c5/resourceGroups/test-ram/providers/Microsoft.Network/virtualNetworks/test_vnet/subnets/privatesubnet",
                "name": "privatesubnet",
                "security_group": ""
              }
            ],
            "tags": {},
            "timeouts": null
          },
          "sensitive_attributes": [],
          "private": "eyJlMmJmYjczMC1lY2FhLTExZTYtOGY4OC0zNDM2M2JjN2M0YzAiOnsiY3JlYXRlIjoxODAwMDAwMDAwMDAwLCJkZWxldGUiOjE4MDAwMDAwMDAwMDAsInJlYWQiOjMwMDAwMDAwMDAwMCwidXBkYXRlIjoxODAwMDAwMDAwMDAwfX0="
        }
      ]
    }
  ]
}
